
Microsoft Visual Studio Solution File, Format Version 12.00
# Visual Studio Version 17
VisualStudioVersion = 17.8.34112.27
MinimumVisualStudioVersion = 10.0.40219.1
Project("{9A19103F-16F7-4668-BE54-9A1E7A4F7556}") = "ConsoleAppBase64String", "ConsoleAppBase64String.csproj", "{2EB257B9-0158-4D26-A144-D537FEA0FE3C}"
EndProject
Global
	GlobalSection(SolutionConfigurationPlatforms) = preSolution
		Debug|Any CPU = Debug|Any CPU
		Release|Any CPU = Release|Any CPU
	EndGlobalSection
	GlobalSection(ProjectConfigurationPlatforms) = postSolution
		{2EB257B9-0158-4D26-A144-D537FEA0FE3C}.Debug|Any CPU.ActiveCfg = Debug|Any CPU
		{2EB257B9-0158-4D26-A144-D537FEA0FE3C}.Debug|Any CPU.Build.0 = Debug|Any CPU
		{2EB257B9-0158-4D26-A144-D537FEA0FE3C}.Release|Any CPU.ActiveCfg = Release|Any CPU
		{2EB257B9-0158-4D26-A144-D537FEA0FE3C}.Release|Any CPU.Build.0 = Release|Any CPU
	EndGlobalSection
	GlobalSection(SolutionProperties) = preSolution
		HideSolutionNode = FALSE
	EndGlobalSection
	GlobalSection(ExtensibilityGlobals) = postSolution
		SolutionGuid = {4D6FE9F1-E999-4454-B708-C80858807C59}
	EndGlobalSection
EndGlobal
